
Microsoft Visual Studio Solution File, Format Version 12.00
# Visual Studio Version 17
VisualStudioVersion = 17.5.33530.505
MinimumVisualStudioVersion = 10.0.40219.1
Project("{FAE04EC0-301F-11D3-BF4B-00C04F79EFBC}") = "Core", "Core\Core.csproj", "{807C2FA4-CE5F-4DBF-ADD5-9EF1355F4089}"
EndProject
Global
	GlobalSection(SolutionConfigurationPlatforms) = preSolution
		Debug|Any CPU = Debug|Any CPU
		Release|Any CPU = Release|Any CPU
	EndGlobalSection
	GlobalSection(ProjectConfigurationPlatforms) = postSolution
		{807C2FA4-CE5F-4DBF-ADD5-9EF1355F4089}.Debug|Any CPU.ActiveCfg = Debug|Any CPU
		{807C2FA4-CE5F-4DBF-ADD5-9EF1355F4089}.Debug|Any CPU.Build.0 = Debug|Any CPU
		{807C2FA4-CE5F-4DBF-ADD5-9EF1355F4089}.Release|Any CPU.ActiveCfg = Release|Any CPU
		{807C2FA4-CE5F-4DBF-ADD5-9EF1355F4089}.Release|Any CPU.Build.0 = Release|Any CPU
	EndGlobalSection
	GlobalSection(SolutionProperties) = preSolution
		HideSolutionNode = FALSE
	EndGlobalSection
	GlobalSection(ExtensibilityGlobals) = postSolution
		SolutionGuid = {130F80D8-7DDD-4DBB-AFE9-8E3ED0F1BC46}
	EndGlobalSection
EndGlobal
