
Microsoft Visual Studio Solution File, Format Version 12.00
# Visual Studio Version 17
VisualStudioVersion = 17.5.33530.505
MinimumVisualStudioVersion = 10.0.40219.1
Project("{FAE04EC0-301F-11D3-BF4B-00C04F79EFBC}") = "Core", "Core\Core.csproj", "{807C2FA4-CE5F-4DBF-ADD5-9EF1355F4089}"
EndProject
Project("{FAE04EC0-301F-11D3-BF4B-00C04F79EFBC}") = "DataAccess", "DataAccess\DataAccess.csproj", "{2D5A7EA6-A2EB-4331-9FC4-15F3A4E85F72}"
EndProject
Project("{FAE04EC0-301F-11D3-BF4B-00C04F79EFBC}") = "Business", "Business\Business.csproj", "{228A9227-147C-4D5A-942F-5ED7E1DA9760}"
EndProject
Project("{FAE04EC0-301F-11D3-BF4B-00C04F79EFBC}") = "API", "API\API.csproj", "{5A45D163-3435-4009-9DF4-AE3B439C74DF}"
EndProject
Project("{FAE04EC0-301F-11D3-BF4B-00C04F79EFBC}") = "Entities", "Entities\Entities.csproj", "{B28D24A8-878D-405D-A5C1-39E0105ED5D2}"
EndProject
Global
	GlobalSection(SolutionConfigurationPlatforms) = preSolution
		Debug|Any CPU = Debug|Any CPU
		Release|Any CPU = Release|Any CPU
	EndGlobalSection
	GlobalSection(ProjectConfigurationPlatforms) = postSolution
		{807C2FA4-CE5F-4DBF-ADD5-9EF1355F4089}.Debug|Any CPU.ActiveCfg = Debug|Any CPU
		{807C2FA4-CE5F-4DBF-ADD5-9EF1355F4089}.Debug|Any CPU.Build.0 = Debug|Any CPU
		{807C2FA4-CE5F-4DBF-ADD5-9EF1355F4089}.Release|Any CPU.ActiveCfg = Release|Any CPU
		{807C2FA4-CE5F-4DBF-ADD5-9EF1355F4089}.Release|Any CPU.Build.0 = Release|Any CPU
		{2D5A7EA6-A2EB-4331-9FC4-15F3A4E85F72}.Debug|Any CPU.ActiveCfg = Debug|Any CPU
		{2D5A7EA6-A2EB-4331-9FC4-15F3A4E85F72}.Debug|Any CPU.Build.0 = Debug|Any CPU
		{2D5A7EA6-A2EB-4331-9FC4-15F3A4E85F72}.Release|Any CPU.ActiveCfg = Release|Any CPU
		{2D5A7EA6-A2EB-4331-9FC4-15F3A4E85F72}.Release|Any CPU.Build.0 = Release|Any CPU
		{228A9227-147C-4D5A-942F-5ED7E1DA9760}.Debug|Any CPU.ActiveCfg = Debug|Any CPU
		{228A9227-147C-4D5A-942F-5ED7E1DA9760}.Debug|Any CPU.Build.0 = Debug|Any CPU
		{228A9227-147C-4D5A-942F-5ED7E1DA9760}.Release|Any CPU.ActiveCfg = Release|Any CPU
		{228A9227-147C-4D5A-942F-5ED7E1DA9760}.Release|Any CPU.Build.0 = Release|Any CPU
		{5A45D163-3435-4009-9DF4-AE3B439C74DF}.Debug|Any CPU.ActiveCfg = Debug|Any CPU
		{5A45D163-3435-4009-9DF4-AE3B439C74DF}.Debug|Any CPU.Build.0 = Debug|Any CPU
		{5A45D163-3435-4009-9DF4-AE3B439C74DF}.Release|Any CPU.ActiveCfg = Release|Any CPU
		{5A45D163-3435-4009-9DF4-AE3B439C74DF}.Release|Any CPU.Build.0 = Release|Any CPU
		{B28D24A8-878D-405D-A5C1-39E0105ED5D2}.Debug|Any CPU.ActiveCfg = Debug|Any CPU
		{B28D24A8-878D-405D-A5C1-39E0105ED5D2}.Debug|Any CPU.Build.0 = Debug|Any CPU
		{B28D24A8-878D-405D-A5C1-39E0105ED5D2}.Release|Any CPU.ActiveCfg = Release|Any CPU
		{B28D24A8-878D-405D-A5C1-39E0105ED5D2}.Release|Any CPU.Build.0 = Release|Any CPU
	EndGlobalSection
	GlobalSection(SolutionProperties) = preSolution
		HideSolutionNode = FALSE
	EndGlobalSection
	GlobalSection(ExtensibilityGlobals) = postSolution
		SolutionGuid = {130F80D8-7DDD-4DBB-AFE9-8E3ED0F1BC46}
	EndGlobalSection
EndGlobal
